
Microsoft Visual Studio Solution File, Format Version 12.00
# Visual Studio Version 16
VisualStudioVersion = 16.0.31313.79
MinimumVisualStudioVersion = 10.0.40219.1
Project("{FAE04EC0-301F-11D3-BF4B-00C04F79EFBC}") = "app-xioma", "app-xioma.csproj", "{B46CD83F-7027-4E06-B3BA-ABA732A8BA0B}"
EndProject
Project("{9A19103F-16F7-4668-BE54-9A1E7A4F7556}") = "Asp-Xioma", "..\Asp-Xioma\Asp-Xioma.csproj", "{8382737F-73F1-4502-AF94-189CDC689071}"
EndProject
Project("{FAE04EC0-301F-11D3-BF4B-00C04F79EFBC}") = "UserInfo", "..\UserInfo\UserInfo.csproj", "{F45A5186-A1D7-4103-ABE6-5419125C2B4B}"
EndProject
Global
	GlobalSection(SolutionConfigurationPlatforms) = preSolution
		Debug|Any CPU = Debug|Any CPU
		Release|Any CPU = Release|Any CPU
	EndGlobalSection
	GlobalSection(ProjectConfigurationPlatforms) = postSolution
		{B46CD83F-7027-4E06-B3BA-ABA732A8BA0B}.Debug|Any CPU.ActiveCfg = Debug|Any CPU
		{B46CD83F-7027-4E06-B3BA-ABA732A8BA0B}.Debug|Any CPU.Build.0 = Debug|Any CPU
		{B46CD83F-7027-4E06-B3BA-ABA732A8BA0B}.Release|Any CPU.ActiveCfg = Release|Any CPU
		{B46CD83F-7027-4E06-B3BA-ABA732A8BA0B}.Release|Any CPU.Build.0 = Release|Any CPU
		{8382737F-73F1-4502-AF94-189CDC689071}.Debug|Any CPU.ActiveCfg = Debug|Any CPU
		{8382737F-73F1-4502-AF94-189CDC689071}.Debug|Any CPU.Build.0 = Debug|Any CPU
		{8382737F-73F1-4502-AF94-189CDC689071}.Release|Any CPU.ActiveCfg = Release|Any CPU
		{8382737F-73F1-4502-AF94-189CDC689071}.Release|Any CPU.Build.0 = Release|Any CPU
		{F45A5186-A1D7-4103-ABE6-5419125C2B4B}.Debug|Any CPU.ActiveCfg = Debug|Any CPU
		{F45A5186-A1D7-4103-ABE6-5419125C2B4B}.Debug|Any CPU.Build.0 = Debug|Any CPU
		{F45A5186-A1D7-4103-ABE6-5419125C2B4B}.Release|Any CPU.ActiveCfg = Release|Any CPU
		{F45A5186-A1D7-4103-ABE6-5419125C2B4B}.Release|Any CPU.Build.0 = Release|Any CPU
	EndGlobalSection
	GlobalSection(SolutionProperties) = preSolution
		HideSolutionNode = FALSE
	EndGlobalSection
	GlobalSection(ExtensibilityGlobals) = postSolution
		SolutionGuid = {8688BB16-E776-479B-A421-9A306F5F8F77}
	EndGlobalSection
EndGlobal
